// !$*UTF8*$!
{
	archiveVersion = 1;
	classes = {
	};
	objectVersion = 48;
	objects = {

/* Begin PBXBuildFile section */
		11A71C125CCE0D1D2462AAA9 /* Pods_iOS_Question_AnswerTests.framework in Frameworks */ = {isa = PBXBuildFile; fileRef = 499803153BD8D4C540279A0A /* Pods_iOS_Question_AnswerTests.framework */; };
		39FE8CE0E03BD90F37E6AE86 /* Pods_iOS_Question_AnswerUITests.framework in Frameworks */ = {isa = PBXBuildFile; fileRef = 8FC32C5AF2020110E04209F5 /* Pods_iOS_Question_AnswerUITests.framework */; };
		FB10B7252111BE5900037DFF /* IPadStoryboard.storyboard in Resources */ = {isa = PBXBuildFile; fileRef = FB10B7232111BE5900037DFF /* IPadStoryboard.storyboard */; };
		FB10B7272111BF7400037DFF /* RectPopOverViewController.swift in Sources */ = {isa = PBXBuildFile; fileRef = FB10B7262111BF7400037DFF /* RectPopOverViewController.swift */; };
		FB10B7292111C2BC00037DFF /* iPadViewController.swift in Sources */ = {isa = PBXBuildFile; fileRef = FB10B7282111C2BC00037DFF /* iPadViewController.swift */; };
		FB130BED2125C2FD003A06A3 /* NSURLSessionViewController.swift in Sources */ = {isa = PBXBuildFile; fileRef = FB130BEC2125C2FD003A06A3 /* NSURLSessionViewController.swift */; };
		FB58EA65214BDE2400C63F28 /* Pods_iOS_Question_Answer.framework in Frameworks */ = {isa = PBXBuildFile; fileRef = FB58EA64214BDE2400C63F28 /* Pods_iOS_Question_Answer.framework */; };
		FB73E880214FF07A0096CA48 /* ChildTableViewCell.swift in Sources */ = {isa = PBXBuildFile; fileRef = FB73E87F214FF07A0096CA48 /* ChildTableViewCell.swift */; };
		FB76D31E213D7DAA003EBDBB /* VaryForTraitsViewController.swift in Sources */ = {isa = PBXBuildFile; fileRef = FB76D31D213D7DAA003EBDBB /* VaryForTraitsViewController.swift */; };
		FB7AEB9F21410A9400F23A26 /* Biometric.storyboard in Resources */ = {isa = PBXBuildFile; fileRef = FB7AEB9721410A9400F23A26 /* Biometric.storyboard */; };
		FB9E216F2109FE950065A1C6 /* CustomSlider.xib in Resources */ = {isa = PBXBuildFile; fileRef = FB9E216E2109FE950065A1C6 /* CustomSlider.xib */; };
		FBA189B021428AD1005E9BFA /* KeychainPasswordItem.swift in Sources */ = {isa = PBXBuildFile; fileRef = FBA189A921428AD1005E9BFA /* KeychainPasswordItem.swift */; };
		FBAD52CE21394C34000ED29B /* Constraint.storyboard in Resources */ = {isa = PBXBuildFile; fileRef = FBAD52CC21394C34000ED29B /* Constraint.storyboard */; };
		FBAD52D621395103000ED29B /* ConstraintListViewController.swift in Sources */ = {isa = PBXBuildFile; fileRef = FBAD52D521395103000ED29B /* ConstraintListViewController.swift */; };
		FBAD52D82139517B000ED29B /* ProportionalConstraintViewController.swift in Sources */ = {isa = PBXBuildFile; fileRef = FBAD52D72139517B000ED29B /* ProportionalConstraintViewController.swift */; };
		FBAD52E321396E9E000ED29B /* ProportionalHorizontalConstraintViewController.swift in Sources */ = {isa = PBXBuildFile; fileRef = FBAD52E221396E9E000ED29B /* ProportionalHorizontalConstraintViewController.swift */; };
		FBB4F70A21468A69002D090E /* DetailViewController.swift in Sources */ = {isa = PBXBuildFile; fileRef = FBB4F70721468A68002D090E /* DetailViewController.swift */; };
		FBB4F70B21468A69002D090E /* LoginViewController.swift in Sources */ = {isa = PBXBuildFile; fileRef = FBB4F70821468A68002D090E /* LoginViewController.swift */; };
		FBB4F70C21468A69002D090E /* MasterViewController.swift in Sources */ = {isa = PBXBuildFile; fileRef = FBB4F70921468A68002D090E /* MasterViewController.swift */; };
		FBB4F87321468AA1002D090E /* TouchIDAuthentication.swift in Sources */ = {isa = PBXBuildFile; fileRef = FBB4F87221468AA1002D090E /* TouchIDAuthentication.swift */; };
		FBB4F88D2146937B002D090E /* AFNetworking.framework in Frameworks */ = {isa = PBXBuildFile; fileRef = FBB4F88021469368002D090E /* AFNetworking.framework */; };
		FBB4F88E2146937B002D090E /* AFNetworking.framework in Embed Frameworks */ = {isa = PBXBuildFile; fileRef = FBB4F88021469368002D090E /* AFNetworking.framework */; settings = {ATTRIBUTES = (CodeSignOnCopy, RemoveHeadersOnCopy, ); }; };
		FBB5720B210B3510002F61BC /* CommonFunctionViewController.swift in Sources */ = {isa = PBXBuildFile; fileRef = FBB5720A210B3510002F61BC /* CommonFunctionViewController.swift */; };
		FBB5720F210B39A8002F61BC /* GlobalConstant.swift in Sources */ = {isa = PBXBuildFile; fileRef = FBB5720E210B39A8002F61BC /* GlobalConstant.swift */; };
		FBC9E4FB212C1EF300841A1D /* School.swift in Sources */ = {isa = PBXBuildFile; fileRef = FBC9E4FA212C1EF300841A1D /* School.swift */; };
		FBC9E4FE212C4FE100841A1D /* PopoverNavigationController.swift in Sources */ = {isa = PBXBuildFile; fileRef = FBC9E4FD212C4FE100841A1D /* PopoverNavigationController.swift */; };
		FBC9E500212D46C100841A1D /* KVOandKVOViewController.swift in Sources */ = {isa = PBXBuildFile; fileRef = FBC9E4FF212D46C100841A1D /* KVOandKVOViewController.swift */; };
		FBC9E502212D6CBC00841A1D /* DownloadManager.swift in Sources */ = {isa = PBXBuildFile; fileRef = FBC9E501212D6CBC00841A1D /* DownloadManager.swift */; };
		FBCB821921356A96002600CE /* UploadPhotoAPIHandler.swift in Sources */ = {isa = PBXBuildFile; fileRef = FBCB821821356A95002600CE /* UploadPhotoAPIHandler.swift */; };
		FBCB821D2136A3FA002600CE /* uploadImage.swift in Sources */ = {isa = PBXBuildFile; fileRef = FBCB821C2136A3F9002600CE /* uploadImage.swift */; };
		FBCE543820A42E81004BCE02 /* AppDelegate.swift in Sources */ = {isa = PBXBuildFile; fileRef = FBCE543720A42E81004BCE02 /* AppDelegate.swift */; };
		FBCE543A20A42E81004BCE02 /* BasicSwiftViewController.swift in Sources */ = {isa = PBXBuildFile; fileRef = FBCE543920A42E81004BCE02 /* BasicSwiftViewController.swift */; };
		FBCE543D20A42E81004BCE02 /* Main.storyboard in Resources */ = {isa = PBXBuildFile; fileRef = FBCE543B20A42E81004BCE02 /* Main.storyboard */; };
		FBCE544020A42E81004BCE02 /* iOS_Question_Answer.xcdatamodeld in Sources */ = {isa = PBXBuildFile; fileRef = FBCE543E20A42E81004BCE02 /* iOS_Question_Answer.xcdatamodeld */; };
		FBCE544220A42E81004BCE02 /* Assets.xcassets in Resources */ = {isa = PBXBuildFile; fileRef = FBCE544120A42E81004BCE02 /* Assets.xcassets */; };
		FBCE544520A42E81004BCE02 /* LaunchScreen.storyboard in Resources */ = {isa = PBXBuildFile; fileRef = FBCE544320A42E81004BCE02 /* LaunchScreen.storyboard */; };
		FBCE545020A42E83004BCE02 /* iOS_Question_AnswerTests.swift in Sources */ = {isa = PBXBuildFile; fileRef = FBCE544F20A42E83004BCE02 /* iOS_Question_AnswerTests.swift */; };
		FBCE545B20A42E83004BCE02 /* iOS_Question_AnswerUITests.swift in Sources */ = {isa = PBXBuildFile; fileRef = FBCE545A20A42E83004BCE02 /* iOS_Question_AnswerUITests.swift */; };
		FBCFDF5E21061B230081DE00 /* DeviceRotationViewController.swift in Sources */ = {isa = PBXBuildFile; fileRef = FBCFDF5D21061B230081DE00 /* DeviceRotationViewController.swift */; };
		FBCFDF6321070A6B0081DE00 /* LandScape.storyboard in Resources */ = {isa = PBXBuildFile; fileRef = FBCFDF6121070A6B0081DE00 /* LandScape.storyboard */; };
		FBCFDF65210766EC0081DE00 /* LocalNotificationViewController.swift in Sources */ = {isa = PBXBuildFile; fileRef = FBCFDF64210766EB0081DE00 /* LocalNotificationViewController.swift */; };
		FBE01E89211981F90053AAF1 /* Student.swift in Sources */ = {isa = PBXBuildFile; fileRef = FBE01E88211981F90053AAF1 /* Student.swift */; };
		FBE01E8B2119A0C50053AAF1 /* GlobalClass.swift in Sources */ = {isa = PBXBuildFile; fileRef = FBE01E8A2119A0C50053AAF1 /* GlobalClass.swift */; };
		FBE26BB220EF8B5C0021987F /* BaseViewController.swift in Sources */ = {isa = PBXBuildFile; fileRef = FBE26BB120EF8B5C0021987F /* BaseViewController.swift */; };
		FBE26BB420EFAAAB0021987F /* NSOperationAndDispatchQueueViewController.swift in Sources */ = {isa = PBXBuildFile; fileRef = FBE26BB320EFAAAB0021987F /* NSOperationAndDispatchQueueViewController.swift */; };
		FBF4F4572138094000BC1A4A /* BackgroundSessionManager.m in Sources */ = {isa = PBXBuildFile; fileRef = FBF4F3B62138094000BC1A4A /* BackgroundSessionManager.m */; };
		FBFB51D220F4C94300CA08F3 /* DetailBasicSwiftViewController.swift in Sources */ = {isa = PBXBuildFile; fileRef = FBFB51D120F4C94300CA08F3 /* DetailBasicSwiftViewController.swift */; };
/* End PBXBuildFile section */

/* Begin PBXContainerItemProxy section */
		FBB4F87F21469368002D090E /* PBXContainerItemProxy */ = {
			isa = PBXContainerItemProxy;
			containerPortal = FBB4F87521469367002D090E /* AFNetworking.xcodeproj */;
			proxyType = 2;
			remoteGlobalIDString = 299522391BBF104D00859F49;
			remoteInfo = "AFNetworking iOS";
		};
		FBB4F88121469368002D090E /* PBXContainerItemProxy */ = {
			isa = PBXContainerItemProxy;
			containerPortal = FBB4F87521469367002D090E /* AFNetworking.xcodeproj */;
			proxyType = 2;
			remoteGlobalIDString = 299522651BBF129200859F49;
			remoteInfo = "AFNetworking watchOS";
		};
		FBB4F88321469368002D090E /* PBXContainerItemProxy */ = {
			isa = PBXContainerItemProxy;
			containerPortal = FBB4F87521469367002D090E /* AFNetworking.xcodeproj */;
			proxyType = 2;
			remoteGlobalIDString = 299522771BBF136400859F49;
			remoteInfo = "AFNetworking OS X";
		};
		FBB4F88521469368002D090E /* PBXContainerItemProxy */ = {
			isa = PBXContainerItemProxy;
			containerPortal = FBB4F87521469367002D090E /* AFNetworking.xcodeproj */;
			proxyType = 2;
			remoteGlobalIDString = 2987B0A51BC408A200179A4C;
			remoteInfo = "AFNetworking tvOS";
		};
		FBB4F88721469368002D090E /* PBXContainerItemProxy */ = {
			isa = PBXContainerItemProxy;
			containerPortal = FBB4F87521469367002D090E /* AFNetworking.xcodeproj */;
			proxyType = 2;
			remoteGlobalIDString = 298D7C3B1BC2C79500FD3B3E;
			remoteInfo = "AFNetworking iOS Tests";
		};
		FBB4F88921469368002D090E /* PBXContainerItemProxy */ = {
			isa = PBXContainerItemProxy;
			containerPortal = FBB4F87521469367002D090E /* AFNetworking.xcodeproj */;
			proxyType = 2;
			remoteGlobalIDString = 298D7C4A1BC2C7B200FD3B3E;
			remoteInfo = "AFNetworking Mac OS X Tests";
		};
		FBB4F88B21469368002D090E /* PBXContainerItemProxy */ = {
			isa = PBXContainerItemProxy;
			containerPortal = FBB4F87521469367002D090E /* AFNetworking.xcodeproj */;
			proxyType = 2;
			remoteGlobalIDString = 2987B0AE1BC408A200179A4C;
			remoteInfo = "AFNetworking tvOS Tests";
		};
		FBB4F88F2146937B002D090E /* PBXContainerItemProxy */ = {
			isa = PBXContainerItemProxy;
			containerPortal = FBB4F87521469367002D090E /* AFNetworking.xcodeproj */;
			proxyType = 1;
			remoteGlobalIDString = 299522381BBF104D00859F49;
			remoteInfo = "AFNetworking iOS";
		};
		FBCE544C20A42E83004BCE02 /* PBXContainerItemProxy */ = {
			isa = PBXContainerItemProxy;
			containerPortal = FBCE542C20A42E80004BCE02 /* Project object */;
			proxyType = 1;
			remoteGlobalIDString = FBCE543320A42E81004BCE02;
			remoteInfo = iOS_Question_Answer;
		};
		FBCE545720A42E83004BCE02 /* PBXContainerItemProxy */ = {
			isa = PBXContainerItemProxy;
			containerPortal = FBCE542C20A42E80004BCE02 /* Project object */;
			proxyType = 1;
			remoteGlobalIDString = FBCE543320A42E81004BCE02;
			remoteInfo = iOS_Question_Answer;
		};
/* End PBXContainerItemProxy section */

/* Begin PBXCopyFilesBuildPhase section */
		FBF4F16D2137CE6300BC1A4A /* Embed Frameworks */ = {
			isa = PBXCopyFilesBuildPhase;
			buildActionMask = 2147483647;
			dstPath = "";
			dstSubfolderSpec = 10;
			files = (
				FBB4F88E2146937B002D090E /* AFNetworking.framework in Embed Frameworks */,
			);
			name = "Embed Frameworks";
			runOnlyForDeploymentPostprocessing = 0;
		};
/* End PBXCopyFilesBuildPhase section */

/* Begin PBXFileReference section */
		3CEB9B01C6E1B9C5B4F6EC3B /* Pods-iOS_Question_AnswerTests.debug.xcconfig */ = {isa = PBXFileReference; includeInIndex = 1; lastKnownFileType = text.xcconfig; name = "Pods-iOS_Question_AnswerTests.debug.xcconfig"; path = "Pods/Target Support Files/Pods-iOS_Question_AnswerTests/Pods-iOS_Question_AnswerTests.debug.xcconfig"; sourceTree = "<group>"; };
		417C168C217EFF0BD64632A7 /* Pods-iOS_Question_AnswerUITests.debug.xcconfig */ = {isa = PBXFileReference; includeInIndex = 1; lastKnownFileType = text.xcconfig; name = "Pods-iOS_Question_AnswerUITests.debug.xcconfig"; path = "Pods/Target Support Files/Pods-iOS_Question_AnswerUITests/Pods-iOS_Question_AnswerUITests.debug.xcconfig"; sourceTree = "<group>"; };
		499803153BD8D4C540279A0A /* Pods_iOS_Question_AnswerTests.framework */ = {isa = PBXFileReference; explicitFileType = wrapper.framework; includeInIndex = 0; path = Pods_iOS_Question_AnswerTests.framework; sourceTree = BUILT_PRODUCTS_DIR; };
		591FC5E8E0451B47F31B82E1 /* Pods-iOS_Question_AnswerUITests.release.xcconfig */ = {isa = PBXFileReference; includeInIndex = 1; lastKnownFileType = text.xcconfig; name = "Pods-iOS_Question_AnswerUITests.release.xcconfig"; path = "Pods/Target Support Files/Pods-iOS_Question_AnswerUITests/Pods-iOS_Question_AnswerUITests.release.xcconfig"; sourceTree = "<group>"; };
		7B062BE4453FDD4F0697823B /* Pods-iOS_Question_Answer.release.xcconfig */ = {isa = PBXFileReference; includeInIndex = 1; lastKnownFileType = text.xcconfig; name = "Pods-iOS_Question_Answer.release.xcconfig"; path = "Pods/Target Support Files/Pods-iOS_Question_Answer/Pods-iOS_Question_Answer.release.xcconfig"; sourceTree = "<group>"; };
		8AB45124DB61F4A067F0B44D /* Pods-iOS_Question_AnswerTests.release.xcconfig */ = {isa = PBXFileReference; includeInIndex = 1; lastKnownFileType = text.xcconfig; name = "Pods-iOS_Question_AnswerTests.release.xcconfig"; path = "Pods/Target Support Files/Pods-iOS_Question_AnswerTests/Pods-iOS_Question_AnswerTests.release.xcconfig"; sourceTree = "<group>"; };
		8FC32C5AF2020110E04209F5 /* Pods_iOS_Question_AnswerUITests.framework */ = {isa = PBXFileReference; explicitFileType = wrapper.framework; includeInIndex = 0; path = Pods_iOS_Question_AnswerUITests.framework; sourceTree = BUILT_PRODUCTS_DIR; };
		B85F05B07A1726A3B4B33090 /* Pods-iOS_Question_Answer.debug.xcconfig */ = {isa = PBXFileReference; includeInIndex = 1; lastKnownFileType = text.xcconfig; name = "Pods-iOS_Question_Answer.debug.xcconfig"; path = "Pods/Target Support Files/Pods-iOS_Question_Answer/Pods-iOS_Question_Answer.debug.xcconfig"; sourceTree = "<group>"; };
		D906DDA95268934E3D8FCAF1 /* Pods_iOS_Question_Answer.framework */ = {isa = PBXFileReference; explicitFileType = wrapper.framework; includeInIndex = 0; path = Pods_iOS_Question_Answer.framework; sourceTree = BUILT_PRODUCTS_DIR; };
		FB10B7242111BE5900037DFF /* Base */ = {isa = PBXFileReference; lastKnownFileType = file.storyboard; name = Base; path = Base.lproj/IPadStoryboard.storyboard; sourceTree = "<group>"; };
		FB10B7262111BF7400037DFF /* RectPopOverViewController.swift */ = {isa = PBXFileReference; lastKnownFileType = sourcecode.swift; path = RectPopOverViewController.swift; sourceTree = "<group>"; };
		FB10B7282111C2BC00037DFF /* iPadViewController.swift */ = {isa = PBXFileReference; lastKnownFileType = sourcecode.swift; path = iPadViewController.swift; sourceTree = "<group>"; };
		FB130BEC2125C2FD003A06A3 /* NSURLSessionViewController.swift */ = {isa = PBXFileReference; lastKnownFileType = sourcecode.swift; path = NSURLSessionViewController.swift; sourceTree = "<group>"; };
		FB58EA64214BDE2400C63F28 /* Pods_iOS_Question_Answer.framework */ = {isa = PBXFileReference; explicitFileType = wrapper.framework; path = Pods_iOS_Question_Answer.framework; sourceTree = BUILT_PRODUCTS_DIR; };
		FB73E87F214FF07A0096CA48 /* ChildTableViewCell.swift */ = {isa = PBXFileReference; fileEncoding = 4; lastKnownFileType = sourcecode.swift; path = ChildTableViewCell.swift; sourceTree = "<group>"; };
		FB76D31D213D7DAA003EBDBB /* VaryForTraitsViewController.swift */ = {isa = PBXFileReference; lastKnownFileType = sourcecode.swift; path = VaryForTraitsViewController.swift; sourceTree = "<group>"; };
		FB7AEB9821410A9400F23A26 /* Base */ = {isa = PBXFileReference; lastKnownFileType = file.storyboard; name = Base; path = Base.lproj/Biometric.storyboard; sourceTree = "<group>"; };
		FB9E216E2109FE950065A1C6 /* CustomSlider.xib */ = {isa = PBXFileReference; lastKnownFileType = file.xib; path = CustomSlider.xib; sourceTree = "<group>"; };
		FBA189A921428AD1005E9BFA /* KeychainPasswordItem.swift */ = {isa = PBXFileReference; fileEncoding = 4; lastKnownFileType = sourcecode.swift; path = KeychainPasswordItem.swift; sourceTree = "<group>"; };
		FBAD52CD21394C34000ED29B /* Base */ = {isa = PBXFileReference; lastKnownFileType = file.storyboard; name = Base; path = Base.lproj/Constraint.storyboard; sourceTree = "<group>"; };
		FBAD52D521395103000ED29B /* ConstraintListViewController.swift */ = {isa = PBXFileReference; lastKnownFileType = sourcecode.swift; path = ConstraintListViewController.swift; sourceTree = "<group>"; };
		FBAD52D72139517B000ED29B /* ProportionalConstraintViewController.swift */ = {isa = PBXFileReference; lastKnownFileType = sourcecode.swift; path = ProportionalConstraintViewController.swift; sourceTree = "<group>"; };
		FBAD52E221396E9E000ED29B /* ProportionalHorizontalConstraintViewController.swift */ = {isa = PBXFileReference; lastKnownFileType = sourcecode.swift; path = ProportionalHorizontalConstraintViewController.swift; sourceTree = "<group>"; };
		FBB4F70721468A68002D090E /* DetailViewController.swift */ = {isa = PBXFileReference; fileEncoding = 4; lastKnownFileType = sourcecode.swift; path = DetailViewController.swift; sourceTree = "<group>"; };
		FBB4F70821468A68002D090E /* LoginViewController.swift */ = {isa = PBXFileReference; fileEncoding = 4; lastKnownFileType = sourcecode.swift; path = LoginViewController.swift; sourceTree = "<group>"; };
		FBB4F70921468A68002D090E /* MasterViewController.swift */ = {isa = PBXFileReference; fileEncoding = 4; lastKnownFileType = sourcecode.swift; path = MasterViewController.swift; sourceTree = "<group>"; };
		FBB4F87221468AA1002D090E /* TouchIDAuthentication.swift */ = {isa = PBXFileReference; lastKnownFileType = sourcecode.swift; path = TouchIDAuthentication.swift; sourceTree = "<group>"; };
		FBB4F87521469367002D090E /* AFNetworking.xcodeproj */ = {isa = PBXFileReference; lastKnownFileType = "wrapper.pb-project"; path = AFNetworking.xcodeproj; sourceTree = "<group>"; };
		FBB5720A210B3510002F61BC /* CommonFunctionViewController.swift */ = {isa = PBXFileReference; lastKnownFileType = sourcecode.swift; path = CommonFunctionViewController.swift; sourceTree = "<group>"; };
		FBB5720E210B39A8002F61BC /* GlobalConstant.swift */ = {isa = PBXFileReference; fileEncoding = 4; lastKnownFileType = sourcecode.swift; path = GlobalConstant.swift; sourceTree = "<group>"; };
		FBC9E4FA212C1EF300841A1D /* School.swift */ = {isa = PBXFileReference; lastKnownFileType = sourcecode.swift; path = School.swift; sourceTree = "<group>"; };
		FBC9E4FD212C4FE100841A1D /* PopoverNavigationController.swift */ = {isa = PBXFileReference; lastKnownFileType = sourcecode.swift; path = PopoverNavigationController.swift; sourceTree = "<group>"; };
		FBC9E4FF212D46C100841A1D /* KVOandKVOViewController.swift */ = {isa = PBXFileReference; lastKnownFileType = sourcecode.swift; path = KVOandKVOViewController.swift; sourceTree = "<group>"; };
		FBC9E501212D6CBC00841A1D /* DownloadManager.swift */ = {isa = PBXFileReference; fileEncoding = 4; lastKnownFileType = sourcecode.swift; path = DownloadManager.swift; sourceTree = "<group>"; };
		FBCB821821356A95002600CE /* UploadPhotoAPIHandler.swift */ = {isa = PBXFileReference; fileEncoding = 4; lastKnownFileType = sourcecode.swift; path = UploadPhotoAPIHandler.swift; sourceTree = "<group>"; };
		FBCB821B21358DC5002600CE /* iOS_Question_Answer-Bridging-Header.h */ = {isa = PBXFileReference; lastKnownFileType = sourcecode.c.h; path = "iOS_Question_Answer-Bridging-Header.h"; sourceTree = "<group>"; };
		FBCB821C2136A3F9002600CE /* uploadImage.swift */ = {isa = PBXFileReference; fileEncoding = 4; lastKnownFileType = sourcecode.swift; path = uploadImage.swift; sourceTree = "<group>"; };
		FBCE543420A42E81004BCE02 /* iOS_Question_Answer.app */ = {isa = PBXFileReference; explicitFileType = wrapper.application; includeInIndex = 0; path = iOS_Question_Answer.app; sourceTree = BUILT_PRODUCTS_DIR; };
		FBCE543720A42E81004BCE02 /* AppDelegate.swift */ = {isa = PBXFileReference; lastKnownFileType = sourcecode.swift; path = AppDelegate.swift; sourceTree = "<group>"; };
		FBCE543920A42E81004BCE02 /* BasicSwiftViewController.swift */ = {isa = PBXFileReference; lastKnownFileType = sourcecode.swift; path = BasicSwiftViewController.swift; sourceTree = "<group>"; };
		FBCE543C20A42E81004BCE02 /* Base */ = {isa = PBXFileReference; lastKnownFileType = file.storyboard; name = Base; path = Base.lproj/Main.storyboard; sourceTree = "<group>"; };
		FBCE543F20A42E81004BCE02 /* iOS_Question_Answer.xcdatamodel */ = {isa = PBXFileReference; lastKnownFileType = wrapper.xcdatamodel; path = iOS_Question_Answer.xcdatamodel; sourceTree = "<group>"; };
		FBCE544120A42E81004BCE02 /* Assets.xcassets */ = {isa = PBXFileReference; lastKnownFileType = folder.assetcatalog; path = Assets.xcassets; sourceTree = "<group>"; };
		FBCE544420A42E81004BCE02 /* Base */ = {isa = PBXFileReference; lastKnownFileType = file.storyboard; name = Base; path = Base.lproj/LaunchScreen.storyboard; sourceTree = "<group>"; };
		FBCE544620A42E81004BCE02 /* Info.plist */ = {isa = PBXFileReference; lastKnownFileType = text.plist.xml; path = Info.plist; sourceTree = "<group>"; };
		FBCE544B20A42E83004BCE02 /* iOS_Question_AnswerTests.xctest */ = {isa = PBXFileReference; explicitFileType = wrapper.cfbundle; includeInIndex = 0; path = iOS_Question_AnswerTests.xctest; sourceTree = BUILT_PRODUCTS_DIR; };
		FBCE544F20A42E83004BCE02 /* iOS_Question_AnswerTests.swift */ = {isa = PBXFileReference; lastKnownFileType = sourcecode.swift; path = iOS_Question_AnswerTests.swift; sourceTree = "<group>"; };
		FBCE545120A42E83004BCE02 /* Info.plist */ = {isa = PBXFileReference; lastKnownFileType = text.plist.xml; path = Info.plist; sourceTree = "<group>"; };
		FBCE545620A42E83004BCE02 /* iOS_Question_AnswerUITests.xctest */ = {isa = PBXFileReference; explicitFileType = wrapper.cfbundle; includeInIndex = 0; path = iOS_Question_AnswerUITests.xctest; sourceTree = BUILT_PRODUCTS_DIR; };
		FBCE545A20A42E83004BCE02 /* iOS_Question_AnswerUITests.swift */ = {isa = PBXFileReference; lastKnownFileType = sourcecode.swift; path = iOS_Question_AnswerUITests.swift; sourceTree = "<group>"; };
		FBCE545C20A42E83004BCE02 /* Info.plist */ = {isa = PBXFileReference; lastKnownFileType = text.plist.xml; path = Info.plist; sourceTree = "<group>"; };
		FBCFDF5D21061B230081DE00 /* DeviceRotationViewController.swift */ = {isa = PBXFileReference; lastKnownFileType = sourcecode.swift; path = DeviceRotationViewController.swift; sourceTree = "<group>"; };
		FBCFDF6221070A6B0081DE00 /* Base */ = {isa = PBXFileReference; lastKnownFileType = file.storyboard; name = Base; path = Base.lproj/LandScape.storyboard; sourceTree = "<group>"; };
		FBCFDF64210766EB0081DE00 /* LocalNotificationViewController.swift */ = {isa = PBXFileReference; fileEncoding = 4; lastKnownFileType = sourcecode.swift; path = LocalNotificationViewController.swift; sourceTree = "<group>"; };
		FBE01E88211981F90053AAF1 /* Student.swift */ = {isa = PBXFileReference; lastKnownFileType = sourcecode.swift; path = Student.swift; sourceTree = "<group>"; };
		FBE01E8A2119A0C50053AAF1 /* GlobalClass.swift */ = {isa = PBXFileReference; lastKnownFileType = sourcecode.swift; path = GlobalClass.swift; sourceTree = "<group>"; };
		FBE26BB120EF8B5C0021987F /* BaseViewController.swift */ = {isa = PBXFileReference; lastKnownFileType = sourcecode.swift; path = BaseViewController.swift; sourceTree = "<group>"; };
		FBE26BB320EFAAAB0021987F /* NSOperationAndDispatchQueueViewController.swift */ = {isa = PBXFileReference; lastKnownFileType = sourcecode.swift; path = NSOperationAndDispatchQueueViewController.swift; sourceTree = "<group>"; };
		FBF4F3B52138094000BC1A4A /* BackgroundSessionManager.h */ = {isa = PBXFileReference; fileEncoding = 4; lastKnownFileType = sourcecode.c.h; path = BackgroundSessionManager.h; sourceTree = "<group>"; };
		FBF4F3B62138094000BC1A4A /* BackgroundSessionManager.m */ = {isa = PBXFileReference; fileEncoding = 4; lastKnownFileType = sourcecode.c.objc; path = BackgroundSessionManager.m; sourceTree = "<group>"; };
		FBFB51D120F4C94300CA08F3 /* DetailBasicSwiftViewController.swift */ = {isa = PBXFileReference; lastKnownFileType = sourcecode.swift; path = DetailBasicSwiftViewController.swift; sourceTree = "<group>"; };
/* End PBXFileReference section */

/* Begin PBXFrameworksBuildPhase section */
		FBCE543120A42E81004BCE02 /* Frameworks */ = {
			isa = PBXFrameworksBuildPhase;
			buildActionMask = 2147483647;
			files = (
				FB58EA65214BDE2400C63F28 /* Pods_iOS_Question_Answer.framework in Frameworks */,
				FBB4F88D2146937B002D090E /* AFNetworking.framework in Frameworks */,
			);
			runOnlyForDeploymentPostprocessing = 0;
		};
		FBCE544820A42E83004BCE02 /* Frameworks */ = {
			isa = PBXFrameworksBuildPhase;
			buildActionMask = 2147483647;
			files = (
				11A71C125CCE0D1D2462AAA9 /* Pods_iOS_Question_AnswerTests.framework in Frameworks */,
			);
			runOnlyForDeploymentPostprocessing = 0;
		};
		FBCE545320A42E83004BCE02 /* Frameworks */ = {
			isa = PBXFrameworksBuildPhase;
			buildActionMask = 2147483647;
			files = (
				39FE8CE0E03BD90F37E6AE86 /* Pods_iOS_Question_AnswerUITests.framework in Frameworks */,
			);
			runOnlyForDeploymentPostprocessing = 0;
		};
/* End PBXFrameworksBuildPhase section */

/* Begin PBXGroup section */
		8D9578BBE463B250A5CB3EC2 /* Frameworks */ = {
			isa = PBXGroup;
			children = (
				FB58EA64214BDE2400C63F28 /* Pods_iOS_Question_Answer.framework */,
				D906DDA95268934E3D8FCAF1 /* Pods_iOS_Question_Answer.framework */,
				499803153BD8D4C540279A0A /* Pods_iOS_Question_AnswerTests.framework */,
				8FC32C5AF2020110E04209F5 /* Pods_iOS_Question_AnswerUITests.framework */,
			);
			name = Frameworks;
			sourceTree = "<group>";
		};
		B3245C650650B3FD6ECB9C9A /* Pods */ = {
			isa = PBXGroup;
			children = (
				B85F05B07A1726A3B4B33090 /* Pods-iOS_Question_Answer.debug.xcconfig */,
				7B062BE4453FDD4F0697823B /* Pods-iOS_Question_Answer.release.xcconfig */,
				3CEB9B01C6E1B9C5B4F6EC3B /* Pods-iOS_Question_AnswerTests.debug.xcconfig */,
				8AB45124DB61F4A067F0B44D /* Pods-iOS_Question_AnswerTests.release.xcconfig */,
				417C168C217EFF0BD64632A7 /* Pods-iOS_Question_AnswerUITests.debug.xcconfig */,
				591FC5E8E0451B47F31B82E1 /* Pods-iOS_Question_AnswerUITests.release.xcconfig */,
			);
			name = Pods;
			sourceTree = "<group>";
		};
		FB73E877214FF04B0096CA48 /* Cell */ = {
			isa = PBXGroup;
			children = (
				FB73E87E214FF0590096CA48 /* TableViewCell */,
			);
			path = Cell;
			sourceTree = "<group>";
		};
		FB73E87E214FF0590096CA48 /* TableViewCell */ = {
			isa = PBXGroup;
			children = (
				FB73E87F214FF07A0096CA48 /* ChildTableViewCell.swift */,
			);
			path = TableViewCell;
			sourceTree = "<group>";
		};
		FB9E216D2109FE3A0065A1C6 /* CustomComponent */ = {
			isa = PBXGroup;
			children = (
				FB9E216E2109FE950065A1C6 /* CustomSlider.xib */,
			);
			path = CustomComponent;
			sourceTree = "<group>";
		};
		FBAD52DB21396E71000ED29B /* Constraints */ = {
			isa = PBXGroup;
			children = (
				FBAD52D521395103000ED29B /* ConstraintListViewController.swift */,
				FBAD52D72139517B000ED29B /* ProportionalConstraintViewController.swift */,
				FBAD52E221396E9E000ED29B /* ProportionalHorizontalConstraintViewController.swift */,
				FB76D31D213D7DAA003EBDBB /* VaryForTraitsViewController.swift */,
			);
			path = Constraints;
			sourceTree = "<group>";
		};
		FBB4F70621468A68002D090E /* Biometric */ = {
			isa = PBXGroup;
			children = (
				FBB4F70721468A68002D090E /* DetailViewController.swift */,
				FBB4F70821468A68002D090E /* LoginViewController.swift */,
				FBB4F70921468A68002D090E /* MasterViewController.swift */,
				FBB4F87221468AA1002D090E /* TouchIDAuthentication.swift */,
			);
			path = Biometric;
			sourceTree = "<group>";
		};
		FBB4F70D21468A90002D090E /* AFNetworking-master */ = {
			isa = PBXGroup;
			children = (
				FBB4F87521469367002D090E /* AFNetworking.xcodeproj */,
			);
			path = "AFNetworking-master";
			sourceTree = "<group>";
		};
		FBB4F87621469367002D090E /* Products */ = {
			isa = PBXGroup;
			children = (
				FBB4F88021469368002D090E /* AFNetworking.framework */,
				FBB4F88221469368002D090E /* AFNetworking.framework */,
				FBB4F88421469368002D090E /* AFNetworking.framework */,
				FBB4F88621469368002D090E /* AFNetworking.framework */,
				FBB4F88821469368002D090E /* AFNetworking iOS Tests.xctest */,
				FBB4F88A21469368002D090E /* AFNetworking Mac OS X Tests.xctest */,
				FBB4F88C21469368002D090E /* AFNetworking tvOS Tests.xctest */,
			);
			name = Products;
			sourceTree = "<group>";
		};
		FBB4F8932149228E002D090E /* BasicSwift */ = {
			isa = PBXGroup;
			children = (
				FBFB51D120F4C94300CA08F3 /* DetailBasicSwiftViewController.swift */,
				FBCE543920A42E81004BCE02 /* BasicSwiftViewController.swift */,
			);
			path = BasicSwift;
			sourceTree = "<group>";
		};
		FBB5720D210B3976002F61BC /* Constant */ = {
			isa = PBXGroup;
			children = (
				FBB5720E210B39A8002F61BC /* GlobalConstant.swift */,
			);
			path = Constant;
			sourceTree = "<group>";
		};
		FBCE542B20A42E80004BCE02 = {
			isa = PBXGroup;
			children = (
				FBCB821B21358DC5002600CE /* iOS_Question_Answer-Bridging-Header.h */,
				FBCE543620A42E81004BCE02 /* iOS_Question_Answer */,
				FBCE544E20A42E83004BCE02 /* iOS_Question_AnswerTests */,
				FBCE545920A42E83004BCE02 /* iOS_Question_AnswerUITests */,
				FBCE543520A42E81004BCE02 /* Products */,
				B3245C650650B3FD6ECB9C9A /* Pods */,
				8D9578BBE463B250A5CB3EC2 /* Frameworks */,
			);
			sourceTree = "<group>";
		};
		FBCE543520A42E81004BCE02 /* Products */ = {
			isa = PBXGroup;
			children = (
				FBCE543420A42E81004BCE02 /* iOS_Question_Answer.app */,
				FBCE544B20A42E83004BCE02 /* iOS_Question_AnswerTests.xctest */,
				FBCE545620A42E83004BCE02 /* iOS_Question_AnswerUITests.xctest */,
			);
			name = Products;
			sourceTree = "<group>";
		};
		FBCE543620A42E81004BCE02 /* iOS_Question_Answer */ = {
			isa = PBXGroup;
			children = (
				FB73E877214FF04B0096CA48 /* Cell */,
				FBF4F2EE2138093F00BC1A4A /* ThirdParty */,
				FBB5720D210B3976002F61BC /* Constant */,
				FB9E216D2109FE3A0065A1C6 /* CustomComponent */,
				FBCFDF6A2107697C0081DE00 /* Utility */,
				FBCFDF69210769750081DE00 /* Model */,
				FBCFDF68210769410081DE00 /* StoryBoard */,
				FBCFDF67210769340081DE00 /* AppDelegate */,
				FBCFDF66210769220081DE00 /* ViewController */,
				FBCE544120A42E81004BCE02 /* Assets.xcassets */,
				FBCE544620A42E81004BCE02 /* Info.plist */,
				FBCE543E20A42E81004BCE02 /* iOS_Question_Answer.xcdatamodeld */,
			);
			path = iOS_Question_Answer;
			sourceTree = "<group>";
		};
		FBCE544E20A42E83004BCE02 /* iOS_Question_AnswerTests */ = {
			isa = PBXGroup;
			children = (
				FBCE544F20A42E83004BCE02 /* iOS_Question_AnswerTests.swift */,
				FBCE545120A42E83004BCE02 /* Info.plist */,
			);
			path = iOS_Question_AnswerTests;
			sourceTree = "<group>";
		};
		FBCE545920A42E83004BCE02 /* iOS_Question_AnswerUITests */ = {
			isa = PBXGroup;
			children = (
				FBCE545A20A42E83004BCE02 /* iOS_Question_AnswerUITests.swift */,
				FBCE545C20A42E83004BCE02 /* Info.plist */,
			);
			path = iOS_Question_AnswerUITests;
			sourceTree = "<group>";
		};
		FBCFDF66210769220081DE00 /* ViewController */ = {
			isa = PBXGroup;
			children = (
				FBB4F8932149228E002D090E /* BasicSwift */,
				FBB4F70621468A68002D090E /* Biometric */,
				FBAD52DB21396E71000ED29B /* Constraints */,
				FBCFDF64210766EB0081DE00 /* LocalNotificationViewController.swift */,
				FBE26BB120EF8B5C0021987F /* BaseViewController.swift */,
				FBE26BB320EFAAAB0021987F /* NSOperationAndDispatchQueueViewController.swift */,
				FBCFDF5D21061B230081DE00 /* DeviceRotationViewController.swift */,
				FBB5720A210B3510002F61BC /* CommonFunctionViewController.swift */,
				FB10B7262111BF7400037DFF /* RectPopOverViewController.swift */,
				FB10B7282111C2BC00037DFF /* iPadViewController.swift */,
				FB130BEC2125C2FD003A06A3 /* NSURLSessionViewController.swift */,
				FBC9E4FD212C4FE100841A1D /* PopoverNavigationController.swift */,
				FBC9E4FF212D46C100841A1D /* KVOandKVOViewController.swift */,
			);
			path = ViewController;
			sourceTree = "<group>";
		};
		FBCFDF67210769340081DE00 /* AppDelegate */ = {
			isa = PBXGroup;
			children = (
				FBCE543720A42E81004BCE02 /* AppDelegate.swift */,
			);
			path = AppDelegate;
			sourceTree = "<group>";
		};
		FBCFDF68210769410081DE00 /* StoryBoard */ = {
			isa = PBXGroup;
			children = (
				FB7AEB9721410A9400F23A26 /* Biometric.storyboard */,
				FBCFDF6121070A6B0081DE00 /* LandScape.storyboard */,
				FBCE543B20A42E81004BCE02 /* Main.storyboard */,
				FBCE544320A42E81004BCE02 /* LaunchScreen.storyboard */,
				FB10B7232111BE5900037DFF /* IPadStoryboard.storyboard */,
				FBAD52CC21394C34000ED29B /* Constraint.storyboard */,
			);
			path = StoryBoard;
			sourceTree = "<group>";
		};
		FBCFDF69210769750081DE00 /* Model */ = {
			isa = PBXGroup;
			children = (
				FBCB821C2136A3F9002600CE /* uploadImage.swift */,
				FBE01E88211981F90053AAF1 /* Student.swift */,
				FBC9E4FA212C1EF300841A1D /* School.swift */,
			);
			path = Model;
			sourceTree = "<group>";
		};
		FBCFDF6A2107697C0081DE00 /* Utility */ = {
			isa = PBXGroup;
			children = (
				FBA189A921428AD1005E9BFA /* KeychainPasswordItem.swift */,
				FBCB821821356A95002600CE /* UploadPhotoAPIHandler.swift */,
				FBC9E501212D6CBC00841A1D /* DownloadManager.swift */,
				FBE01E8A2119A0C50053AAF1 /* GlobalClass.swift */,
			);
			path = Utility;
			sourceTree = "<group>";
		};
		FBF4F2EE2138093F00BC1A4A /* ThirdParty */ = {
			isa = PBXGroup;
			children = (
				FBB4F70D21468A90002D090E /* AFNetworking-master */,
				FBF4F3B42138094000BC1A4A /* BackgroundSession */,
			);
			path = ThirdParty;
			sourceTree = "<group>";
		};
		FBF4F3B42138094000BC1A4A /* BackgroundSession */ = {
			isa = PBXGroup;
			children = (
				FBF4F3B52138094000BC1A4A /* BackgroundSessionManager.h */,
				FBF4F3B62138094000BC1A4A /* BackgroundSessionManager.m */,
			);
			path = BackgroundSession;
			sourceTree = "<group>";
		};
/* End PBXGroup section */

/* Begin PBXNativeTarget section */
		FBCE543320A42E81004BCE02 /* iOS_Question_Answer */ = {
			isa = PBXNativeTarget;
			buildConfigurationList = FBCE545F20A42E83004BCE02 /* Build configuration list for PBXNativeTarget "iOS_Question_Answer" */;
			buildPhases = (
				D57512E727B08DA322F48346 /* [CP] Check Pods Manifest.lock */,
				FBCE543020A42E81004BCE02 /* Sources */,
				FBCE543120A42E81004BCE02 /* Frameworks */,
				FBCE543220A42E81004BCE02 /* Resources */,
				CCAC7C95CFEE2AB9C0BF45EA /* [CP] Embed Pods Frameworks */,
				FBF4F16D2137CE6300BC1A4A /* Embed Frameworks */,
			);
			buildRules = (
			);
			dependencies = (
				FBB4F8902146937B002D090E /* PBXTargetDependency */,
			);
			name = iOS_Question_Answer;
			productName = iOS_Question_Answer;
			productReference = FBCE543420A42E81004BCE02 /* iOS_Question_Answer.app */;
			productType = "com.apple.product-type.application";
		};
		FBCE544A20A42E83004BCE02 /* iOS_Question_AnswerTests */ = {
			isa = PBXNativeTarget;
			buildConfigurationList = FBCE546220A42E83004BCE02 /* Build configuration list for PBXNativeTarget "iOS_Question_AnswerTests" */;
			buildPhases = (
				A217BA27B7C19241A593AB43 /* [CP] Check Pods Manifest.lock */,
				FBCE544720A42E83004BCE02 /* Sources */,
				FBCE544820A42E83004BCE02 /* Frameworks */,
				FBCE544920A42E83004BCE02 /* Resources */,
			);
			buildRules = (
			);
			dependencies = (
				FBCE544D20A42E83004BCE02 /* PBXTargetDependency */,
			);
			name = iOS_Question_AnswerTests;
			productName = iOS_Question_AnswerTests;
			productReference = FBCE544B20A42E83004BCE02 /* iOS_Question_AnswerTests.xctest */;
			productType = "com.apple.product-type.bundle.unit-test";
		};
		FBCE545520A42E83004BCE02 /* iOS_Question_AnswerUITests */ = {
			isa = PBXNativeTarget;
			buildConfigurationList = FBCE546520A42E83004BCE02 /* Build configuration list for PBXNativeTarget "iOS_Question_AnswerUITests" */;
			buildPhases = (
				BE16F0233B9F3F61697FA71B /* [CP] Check Pods Manifest.lock */,
				FBCE545220A42E83004BCE02 /* Sources */,
				FBCE545320A42E83004BCE02 /* Frameworks */,
				FBCE545420A42E83004BCE02 /* Resources */,
			);
			buildRules = (
			);
			dependencies = (
				FBCE545820A42E83004BCE02 /* PBXTargetDependency */,
			);
			name = iOS_Question_AnswerUITests;
			productName = iOS_Question_AnswerUITests;
			productReference = FBCE545620A42E83004BCE02 /* iOS_Question_AnswerUITests.xctest */;
			productType = "com.apple.product-type.bundle.ui-testing";
		};
/* End PBXNativeTarget section */

/* Begin PBXProject section */
		FBCE542C20A42E80004BCE02 /* Project object */ = {
			isa = PBXProject;
			attributes = {
				LastSwiftUpdateCheck = 0920;
				LastUpgradeCheck = 0920;
				ORGANIZATIONNAME = Sebastin;
				TargetAttributes = {
					FBCE543320A42E81004BCE02 = {
						CreatedOnToolsVersion = 9.2;
						ProvisioningStyle = Automatic;
						SystemCapabilities = {
							com.apple.BackgroundModes = {
								enabled = 1;
							};
							com.apple.Push = {
								enabled = 0;
							};
						};
					};
					FBCE544A20A42E83004BCE02 = {
						CreatedOnToolsVersion = 9.2;
						ProvisioningStyle = Automatic;
						TestTargetID = FBCE543320A42E81004BCE02;
					};
					FBCE545520A42E83004BCE02 = {
						CreatedOnToolsVersion = 9.2;
						ProvisioningStyle = Automatic;
						TestTargetID = FBCE543320A42E81004BCE02;
					};
				};
			};
			buildConfigurationList = FBCE542F20A42E80004BCE02 /* Build configuration list for PBXProject "iOS_Question_Answer" */;
			compatibilityVersion = "Xcode 8.0";
			developmentRegion = en;
			hasScannedForEncodings = 0;
			knownRegions = (
				en,
				Base,
			);
			mainGroup = FBCE542B20A42E80004BCE02;
			productRefGroup = FBCE543520A42E81004BCE02 /* Products */;
			projectDirPath = "";
			projectReferences = (
				{
					ProductGroup = FBB4F87621469367002D090E /* Products */;
					ProjectRef = FBB4F87521469367002D090E /* AFNetworking.xcodeproj */;
				},
			);
			projectRoot = "";
			targets = (
				FBCE543320A42E81004BCE02 /* iOS_Question_Answer */,
				FBCE544A20A42E83004BCE02 /* iOS_Question_AnswerTests */,
				FBCE545520A42E83004BCE02 /* iOS_Question_AnswerUITests */,
			);
		};
/* End PBXProject section */

/* Begin PBXReferenceProxy section */
		FBB4F88021469368002D090E /* AFNetworking.framework */ = {
			isa = PBXReferenceProxy;
			fileType = wrapper.framework;
			path = AFNetworking.framework;
			remoteRef = FBB4F87F21469368002D090E /* PBXContainerItemProxy */;
			sourceTree = BUILT_PRODUCTS_DIR;
		};
		FBB4F88221469368002D090E /* AFNetworking.framework */ = {
			isa = PBXReferenceProxy;
			fileType = wrapper.framework;
			path = AFNetworking.framework;
			remoteRef = FBB4F88121469368002D090E /* PBXContainerItemProxy */;
			sourceTree = BUILT_PRODUCTS_DIR;
		};
		FBB4F88421469368002D090E /* AFNetworking.framework */ = {
			isa = PBXReferenceProxy;
			fileType = wrapper.framework;
			path = AFNetworking.framework;
			remoteRef = FBB4F88321469368002D090E /* PBXContainerItemProxy */;
			sourceTree = BUILT_PRODUCTS_DIR;
		};
		FBB4F88621469368002D090E /* AFNetworking.framework */ = {
			isa = PBXReferenceProxy;
			fileType = wrapper.framework;
			path = AFNetworking.framework;
			remoteRef = FBB4F88521469368002D090E /* PBXContainerItemProxy */;
			sourceTree = BUILT_PRODUCTS_DIR;
		};
		FBB4F88821469368002D090E /* AFNetworking iOS Tests.xctest */ = {
			isa = PBXReferenceProxy;
			fileType = wrapper.cfbundle;
			path = "AFNetworking iOS Tests.xctest";
			remoteRef = FBB4F88721469368002D090E /* PBXContainerItemProxy */;
			sourceTree = BUILT_PRODUCTS_DIR;
		};
		FBB4F88A21469368002D090E /* AFNetworking Mac OS X Tests.xctest */ = {
			isa = PBXReferenceProxy;
			fileType = wrapper.cfbundle;
			path = "AFNetworking Mac OS X Tests.xctest";
			remoteRef = FBB4F88921469368002D090E /* PBXContainerItemProxy */;
			sourceTree = BUILT_PRODUCTS_DIR;
		};
		FBB4F88C21469368002D090E /* AFNetworking tvOS Tests.xctest */ = {
			isa = PBXReferenceProxy;
			fileType = wrapper.cfbundle;
			path = "AFNetworking tvOS Tests.xctest";
			remoteRef = FBB4F88B21469368002D090E /* PBXContainerItemProxy */;
			sourceTree = BUILT_PRODUCTS_DIR;
		};
/* End PBXReferenceProxy section */

/* Begin PBXResourcesBuildPhase section */
		FBCE543220A42E81004BCE02 /* Resources */ = {
			isa = PBXResourcesBuildPhase;
			buildActionMask = 2147483647;
			files = (
				FBCE544520A42E81004BCE02 /* LaunchScreen.storyboard in Resources */,
				FB7AEB9F21410A9400F23A26 /* Biometric.storyboard in Resources */,
				FBCE544220A42E81004BCE02 /* Assets.xcassets in Resources */,
				FBCFDF6321070A6B0081DE00 /* LandScape.storyboard in Resources */,
				FBAD52CE21394C34000ED29B /* Constraint.storyboard in Resources */,
				FB10B7252111BE5900037DFF /* IPadStoryboard.storyboard in Resources */,
				FB9E216F2109FE950065A1C6 /* CustomSlider.xib in Resources */,
				FBCE543D20A42E81004BCE02 /* Main.storyboard in Resources */,
			);
			runOnlyForDeploymentPostprocessing = 0;
		};
		FBCE544920A42E83004BCE02 /* Resources */ = {
			isa = PBXResourcesBuildPhase;
			buildActionMask = 2147483647;
			files = (
			);
			runOnlyForDeploymentPostprocessing = 0;
		};
		FBCE545420A42E83004BCE02 /* Resources */ = {
			isa = PBXResourcesBuildPhase;
			buildActionMask = 2147483647;
			files = (
			);
			runOnlyForDeploymentPostprocessing = 0;
		};
/* End PBXResourcesBuildPhase section */

/* Begin PBXShellScriptBuildPhase section */
		A217BA27B7C19241A593AB43 /* [CP] Check Pods Manifest.lock */ = {
			isa = PBXShellScriptBuildPhase;
			buildActionMask = 2147483647;
			files = (
			);
			inputPaths = (
				"${PODS_PODFILE_DIR_PATH}/Podfile.lock",
				"${PODS_ROOT}/Manifest.lock",
			);
			name = "[CP] Check Pods Manifest.lock";
			outputPaths = (
				"$(DERIVED_FILE_DIR)/Pods-iOS_Question_AnswerTests-checkManifestLockResult.txt",
			);
			runOnlyForDeploymentPostprocessing = 0;
			shellPath = /bin/sh;
			shellScript = "diff \"${PODS_PODFILE_DIR_PATH}/Podfile.lock\" \"${PODS_ROOT}/Manifest.lock\" > /dev/null\nif [ $? != 0 ] ; then\n    # print error to STDERR\n    echo \"error: The sandbox is not in sync with the Podfile.lock. Run 'pod install' or update your CocoaPods installation.\" >&2\n    exit 1\nfi\n# This output is used by Xcode 'outputs' to avoid re-running this script phase.\necho \"SUCCESS\" > \"${SCRIPT_OUTPUT_FILE_0}\"\n";
			showEnvVarsInLog = 0;
		};
		BE16F0233B9F3F61697FA71B /* [CP] Check Pods Manifest.lock */ = {
			isa = PBXShellScriptBuildPhase;
			buildActionMask = 2147483647;
			files = (
			);
			inputPaths = (
				"${PODS_PODFILE_DIR_PATH}/Podfile.lock",
				"${PODS_ROOT}/Manifest.lock",
			);
			name = "[CP] Check Pods Manifest.lock";
			outputPaths = (
				"$(DERIVED_FILE_DIR)/Pods-iOS_Question_AnswerUITests-checkManifestLockResult.txt",
			);
			runOnlyForDeploymentPostprocessing = 0;
			shellPath = /bin/sh;
			shellScript = "diff \"${PODS_PODFILE_DIR_PATH}/Podfile.lock\" \"${PODS_ROOT}/Manifest.lock\" > /dev/null\nif [ $? != 0 ] ; then\n    # print error to STDERR\n    echo \"error: The sandbox is not in sync with the Podfile.lock. Run 'pod install' or update your CocoaPods installation.\" >&2\n    exit 1\nfi\n# This output is used by Xcode 'outputs' to avoid re-running this script phase.\necho \"SUCCESS\" > \"${SCRIPT_OUTPUT_FILE_0}\"\n";
			showEnvVarsInLog = 0;
		};
		CCAC7C95CFEE2AB9C0BF45EA /* [CP] Embed Pods Frameworks */ = {
			isa = PBXShellScriptBuildPhase;
			buildActionMask = 2147483647;
			files = (
			);
			inputPaths = (
				"${SRCROOT}/Pods/Target Support Files/Pods-iOS_Question_Answer/Pods-iOS_Question_Answer-frameworks.sh",
				"${BUILT_PRODUCTS_DIR}/Alamofire/Alamofire.framework",
			);
			name = "[CP] Embed Pods Frameworks";
			outputPaths = (
				"${TARGET_BUILD_DIR}/${FRAMEWORKS_FOLDER_PATH}/Alamofire.framework",
			);
			runOnlyForDeploymentPostprocessing = 0;
			shellPath = /bin/sh;
			shellScript = "\"${SRCROOT}/Pods/Target Support Files/Pods-iOS_Question_Answer/Pods-iOS_Question_Answer-frameworks.sh\"\n";
			showEnvVarsInLog = 0;
		};
		D57512E727B08DA322F48346 /* [CP] Check Pods Manifest.lock */ = {
			isa = PBXShellScriptBuildPhase;
			buildActionMask = 2147483647;
			files = (
			);
			inputPaths = (
				"${PODS_PODFILE_DIR_PATH}/Podfile.lock",
				"${PODS_ROOT}/Manifest.lock",
			);
			name = "[CP] Check Pods Manifest.lock";
			outputPaths = (
				"$(DERIVED_FILE_DIR)/Pods-iOS_Question_Answer-checkManifestLockResult.txt",
			);
			runOnlyForDeploymentPostprocessing = 0;
			shellPath = /bin/sh;
			shellScript = "diff \"${PODS_PODFILE_DIR_PATH}/Podfile.lock\" \"${PODS_ROOT}/Manifest.lock\" > /dev/null\nif [ $? != 0 ] ; then\n    # print error to STDERR\n    echo \"error: The sandbox is not in sync with the Podfile.lock. Run 'pod install' or update your CocoaPods installation.\" >&2\n    exit 1\nfi\n# This output is used by Xcode 'outputs' to avoid re-running this script phase.\necho \"SUCCESS\" > \"${SCRIPT_OUTPUT_FILE_0}\"\n";
			showEnvVarsInLog = 0;
		};
/* End PBXShellScriptBuildPhase section */

/* Begin PBXSourcesBuildPhase section */
		FBCE543020A42E81004BCE02 /* Sources */ = {
			isa = PBXSourcesBuildPhase;
			buildActionMask = 2147483647;
			files = (
				FB10B7272111BF7400037DFF /* RectPopOverViewController.swift in Sources */,
				FBF4F4572138094000BC1A4A /* BackgroundSessionManager.m in Sources */,
				FBAD52D82139517B000ED29B /* ProportionalConstraintViewController.swift in Sources */,
				FBCE544020A42E81004BCE02 /* iOS_Question_Answer.xcdatamodeld in Sources */,
				FBA189B021428AD1005E9BFA /* KeychainPasswordItem.swift in Sources */,
				FBB4F70B21468A69002D090E /* LoginViewController.swift in Sources */,
				FBAD52E321396E9E000ED29B /* ProportionalHorizontalConstraintViewController.swift in Sources */,
				FBCB821D2136A3FA002600CE /* uploadImage.swift in Sources */,
				FBC9E500212D46C100841A1D /* KVOandKVOViewController.swift in Sources */,
				FBAD52D621395103000ED29B /* ConstraintListViewController.swift in Sources */,
				FBE26BB220EF8B5C0021987F /* BaseViewController.swift in Sources */,
				FBCFDF5E21061B230081DE00 /* DeviceRotationViewController.swift in Sources */,
				FB10B7292111C2BC00037DFF /* iPadViewController.swift in Sources */,
				FB76D31E213D7DAA003EBDBB /* VaryForTraitsViewController.swift in Sources */,
				FBFB51D220F4C94300CA08F3 /* DetailBasicSwiftViewController.swift in Sources */,
				FBE26BB420EFAAAB0021987F /* NSOperationAndDispatchQueueViewController.swift in Sources */,
				FBE01E8B2119A0C50053AAF1 /* GlobalClass.swift in Sources */,
				FBE01E89211981F90053AAF1 /* Student.swift in Sources */,
				FBC9E4FE212C4FE100841A1D /* PopoverNavigationController.swift in Sources */,
				FBB5720B210B3510002F61BC /* CommonFunctionViewController.swift in Sources */,
				FBB4F70C21468A69002D090E /* MasterViewController.swift in Sources */,
				FBB4F87321468AA1002D090E /* TouchIDAuthentication.swift in Sources */,
				FBB5720F210B39A8002F61BC /* GlobalConstant.swift in Sources */,
				FBCE543A20A42E81004BCE02 /* BasicSwiftViewController.swift in Sources */,
				FBC9E502212D6CBC00841A1D /* DownloadManager.swift in Sources */,
				FBCFDF65210766EC0081DE00 /* LocalNotificationViewController.swift in Sources */,
				FB73E880214FF07A0096CA48 /* ChildTableViewCell.swift in Sources */,
				FB130BED2125C2FD003A06A3 /* NSURLSessionViewController.swift in Sources */,
				FBCB821921356A96002600CE /* UploadPhotoAPIHandler.swift in Sources */,
				FBCE543820A42E81004BCE02 /* AppDelegate.swift in Sources */,
				FBC9E4FB212C1EF300841A1D /* School.swift in Sources */,
				FBB4F70A21468A69002D090E /* DetailViewController.swift in Sources */,
			);
			runOnlyForDeploymentPostprocessing = 0;
		};
		FBCE544720A42E83004BCE02 /* Sources */ = {
			isa = PBXSourcesBuildPhase;
			buildActionMask = 2147483647;
			files = (
				FBCE545020A42E83004BCE02 /* iOS_Question_AnswerTests.swift in Sources */,
			);
			runOnlyForDeploymentPostprocessing = 0;
		};
		FBCE545220A42E83004BCE02 /* Sources */ = {
			isa = PBXSourcesBuildPhase;
			buildActionMask = 2147483647;
			files = (
				FBCE545B20A42E83004BCE02 /* iOS_Question_AnswerUITests.swift in Sources */,
			);
			runOnlyForDeploymentPostprocessing = 0;
		};
/* End PBXSourcesBuildPhase section */

/* Begin PBXTargetDependency section */
		FBB4F8902146937B002D090E /* PBXTargetDependency */ = {
			isa = PBXTargetDependency;
			name = "AFNetworking iOS";
			targetProxy = FBB4F88F2146937B002D090E /* PBXContainerItemProxy */;
		};
		FBCE544D20A42E83004BCE02 /* PBXTargetDependency */ = {
			isa = PBXTargetDependency;
			target = FBCE543320A42E81004BCE02 /* iOS_Question_Answer */;
			targetProxy = FBCE544C20A42E83004BCE02 /* PBXContainerItemProxy */;
		};
		FBCE545820A42E83004BCE02 /* PBXTargetDependency */ = {
			isa = PBXTargetDependency;
			target = FBCE543320A42E81004BCE02 /* iOS_Question_Answer */;
			targetProxy = FBCE545720A42E83004BCE02 /* PBXContainerItemProxy */;
		};
/* End PBXTargetDependency section */

/* Begin PBXVariantGroup section */
		FB10B7232111BE5900037DFF /* IPadStoryboard.storyboard */ = {
			isa = PBXVariantGroup;
			children = (
				FB10B7242111BE5900037DFF /* Base */,
			);
			name = IPadStoryboard.storyboard;
			sourceTree = "<group>";
		};
		FB7AEB9721410A9400F23A26 /* Biometric.storyboard */ = {
			isa = PBXVariantGroup;
			children = (
				FB7AEB9821410A9400F23A26 /* Base */,
			);
			name = Biometric.storyboard;
			sourceTree = "<group>";
		};
		FBAD52CC21394C34000ED29B /* Constraint.storyboard */ = {
			isa = PBXVariantGroup;
			children = (
				FBAD52CD21394C34000ED29B /* Base */,
			);
			name = Constraint.storyboard;
			sourceTree = "<group>";
		};
		FBCE543B20A42E81004BCE02 /* Main.storyboard */ = {
			isa = PBXVariantGroup;
			children = (
				FBCE543C20A42E81004BCE02 /* Base */,
			);
			name = Main.storyboard;
			sourceTree = "<group>";
		};
		FBCE544320A42E81004BCE02 /* LaunchScreen.storyboard */ = {
			isa = PBXVariantGroup;
			children = (
				FBCE544420A42E81004BCE02 /* Base */,
			);
			name = LaunchScreen.storyboard;
			sourceTree = "<group>";
		};
		FBCFDF6121070A6B0081DE00 /* LandScape.storyboard */ = {
			isa = PBXVariantGroup;
			children = (
				FBCFDF6221070A6B0081DE00 /* Base */,
			);
			name = LandScape.storyboard;
			sourceTree = "<group>";
		};
/* End PBXVariantGroup section */

/* Begin XCBuildConfiguration section */
		FBCE545D20A42E83004BCE02 /* Debug */ = {
			isa = XCBuildConfiguration;
			buildSettings = {
				ALWAYS_SEARCH_USER_PATHS = NO;
				CLANG_ANALYZER_NONNULL = YES;
				CLANG_ANALYZER_NUMBER_OBJECT_CONVERSION = YES_AGGRESSIVE;
				CLANG_CXX_LANGUAGE_STANDARD = "gnu++14";
				CLANG_CXX_LIBRARY = "libc++";
				CLANG_ENABLE_MODULES = YES;
				CLANG_ENABLE_OBJC_ARC = YES;
				CLANG_WARN_BLOCK_CAPTURE_AUTORELEASING = YES;
				CLANG_WARN_BOOL_CONVERSION = YES;
				CLANG_WARN_COMMA = YES;
				CLANG_WARN_CONSTANT_CONVERSION = YES;
				CLANG_WARN_DIRECT_OBJC_ISA_USAGE = YES_ERROR;
				CLANG_WARN_DOCUMENTATION_COMMENTS = YES;
				CLANG_WARN_EMPTY_BODY = YES;
				CLANG_WARN_ENUM_CONVERSION = YES;
				CLANG_WARN_INFINITE_RECURSION = YES;
				CLANG_WARN_INT_CONVERSION = YES;
				CLANG_WARN_NON_LITERAL_NULL_CONVERSION = YES;
				CLANG_WARN_OBJC_LITERAL_CONVERSION = YES;
				CLANG_WARN_OBJC_ROOT_CLASS = YES_ERROR;
				CLANG_WARN_RANGE_LOOP_ANALYSIS = YES;
				CLANG_WARN_STRICT_PROTOTYPES = YES;
				CLANG_WARN_SUSPICIOUS_MOVE = YES;
				CLANG_WARN_UNGUARDED_AVAILABILITY = YES_AGGRESSIVE;
				CLANG_WARN_UNREACHABLE_CODE = YES;
				CLANG_WARN__DUPLICATE_METHOD_MATCH = YES;
				CODE_SIGN_IDENTITY = "iPhone Developer";
				COPY_PHASE_STRIP = NO;
				DEBUG_INFORMATION_FORMAT = dwarf;
				ENABLE_STRICT_OBJC_MSGSEND = YES;
				ENABLE_TESTABILITY = YES;
				GCC_C_LANGUAGE_STANDARD = gnu11;
				GCC_DYNAMIC_NO_PIC = NO;
				GCC_NO_COMMON_BLOCKS = YES;
				GCC_OPTIMIZATION_LEVEL = 0;
				GCC_PREPROCESSOR_DEFINITIONS = (
					"DEBUG=1",
					"$(inherited)",
				);
				GCC_WARN_64_TO_32_BIT_CONVERSION = YES;
				GCC_WARN_ABOUT_RETURN_TYPE = YES_ERROR;
				GCC_WARN_UNDECLARED_SELECTOR = YES;
				GCC_WARN_UNINITIALIZED_AUTOS = YES_AGGRESSIVE;
				GCC_WARN_UNUSED_FUNCTION = YES;
				GCC_WARN_UNUSED_VARIABLE = YES;
				IPHONEOS_DEPLOYMENT_TARGET = 11.0;
				MTL_ENABLE_DEBUG_INFO = YES;
				ONLY_ACTIVE_ARCH = YES;
				SDKROOT = iphoneos;
				SWIFT_ACTIVE_COMPILATION_CONDITIONS = DEBUG;
				SWIFT_OPTIMIZATION_LEVEL = "-Onone";
			};
			name = Debug;
		};
		FBCE545E20A42E83004BCE02 /* Release */ = {
			isa = XCBuildConfiguration;
			buildSettings = {
				ALWAYS_SEARCH_USER_PATHS = NO;
				CLANG_ANALYZER_NONNULL = YES;
				CLANG_ANALYZER_NUMBER_OBJECT_CONVERSION = YES_AGGRESSIVE;
				CLANG_CXX_LANGUAGE_STANDARD = "gnu++14";
				CLANG_CXX_LIBRARY = "libc++";
				CLANG_ENABLE_MODULES = YES;
				CLANG_ENABLE_OBJC_ARC = YES;
				CLANG_WARN_BLOCK_CAPTURE_AUTORELEASING = YES;
				CLANG_WARN_BOOL_CONVERSION = YES;
				CLANG_WARN_COMMA = YES;
				CLANG_WARN_CONSTANT_CONVERSION = YES;
				CLANG_WARN_DIRECT_OBJC_ISA_USAGE = YES_ERROR;
				CLANG_WARN_DOCUMENTATION_COMMENTS = YES;
				CLANG_WARN_EMPTY_BODY = YES;
				CLANG_WARN_ENUM_CONVERSION = YES;
				CLANG_WARN_INFINITE_RECURSION = YES;
				CLANG_WARN_INT_CONVERSION = YES;
				CLANG_WARN_NON_LITERAL_NULL_CONVERSION = YES;
				CLANG_WARN_OBJC_LITERAL_CONVERSION = YES;
				CLANG_WARN_OBJC_ROOT_CLASS = YES_ERROR;
				CLANG_WARN_RANGE_LOOP_ANALYSIS = YES;
				CLANG_WARN_STRICT_PROTOTYPES = YES;
				CLANG_WARN_SUSPICIOUS_MOVE = YES;
				CLANG_WARN_UNGUARDED_AVAILABILITY = YES_AGGRESSIVE;
				CLANG_WARN_UNREACHABLE_CODE = YES;
				CLANG_WARN__DUPLICATE_METHOD_MATCH = YES;
				CODE_SIGN_IDENTITY = "iPhone Developer";
				COPY_PHASE_STRIP = NO;
				DEBUG_INFORMATION_FORMAT = "dwarf-with-dsym";
				ENABLE_NS_ASSERTIONS = NO;
				ENABLE_STRICT_OBJC_MSGSEND = YES;
				GCC_C_LANGUAGE_STANDARD = gnu11;
				GCC_NO_COMMON_BLOCKS = YES;
				GCC_WARN_64_TO_32_BIT_CONVERSION = YES;
				GCC_WARN_ABOUT_RETURN_TYPE = YES_ERROR;
				GCC_WARN_UNDECLARED_SELECTOR = YES;
				GCC_WARN_UNINITIALIZED_AUTOS = YES_AGGRESSIVE;
				GCC_WARN_UNUSED_FUNCTION = YES;
				GCC_WARN_UNUSED_VARIABLE = YES;
				IPHONEOS_DEPLOYMENT_TARGET = 11.0;
				MTL_ENABLE_DEBUG_INFO = NO;
				SDKROOT = iphoneos;
				SWIFT_OPTIMIZATION_LEVEL = "-Owholemodule";
				VALIDATE_PRODUCT = YES;
			};
			name = Release;
		};
		FBCE546020A42E83004BCE02 /* Debug */ = {
			isa = XCBuildConfiguration;
			baseConfigurationReference = B85F05B07A1726A3B4B33090 /* Pods-iOS_Question_Answer.debug.xcconfig */;
			buildSettings = {
				ASSETCATALOG_COMPILER_APPICON_NAME = AppIcon;
				CODE_SIGN_IDENTITY = "iPhone Developer";
				"CODE_SIGN_IDENTITY[sdk=iphoneos*]" = "iPhone Developer";
				CODE_SIGN_STYLE = Automatic;
				DEVELOPMENT_TEAM = 6W79SFUULH;
				HEADER_SEARCH_PATHS = (
					"$(SRCROOT)/iOS_Question_Answer/ThirdParty/AFNetworking-master/AFNetworking/",
					"$(SRCROOT)/iOS_Question_Answer/ThirdParty/BackgroundSession/",
				);
				INFOPLIST_FILE = iOS_Question_Answer/Info.plist;
				IPHONEOS_DEPLOYMENT_TARGET = 11.1;
				LD_RUNPATH_SEARCH_PATHS = "$(inherited) @executable_path/Frameworks";
				LIBRARY_SEARCH_PATHS = "$(SRCROOT)/iOS_Question_Answer/ThirdParty/AFNetworking-master/";
				PRODUCT_BUNDLE_IDENTIFIER = implemedea.sebastin.ios;
				PRODUCT_NAME = "$(TARGET_NAME)";
				PROVISIONING_PROFILE = "";
				PROVISIONING_PROFILE_SPECIFIER = "";
				SWIFT_OBJC_BRIDGING_HEADER = "$(SRCROOT)/iOS_Question_Answer-Bridging-Header.h";
				SWIFT_VERSION = 4.0;
				TARGETED_DEVICE_FAMILY = "1,2";
			};
			name = Debug;
		};
		FBCE546120A42E83004BCE02 /* Release */ = {
			isa = XCBuildConfiguration;
			baseConfigurationReference = 7B062BE4453FDD4F0697823B /* Pods-iOS_Question_Answer.release.xcconfig */;
			buildSettings = {
				ASSETCATALOG_COMPILER_APPICON_NAME = AppIcon;
				CODE_SIGN_IDENTITY = "iPhone Developer";
				"CODE_SIGN_IDENTITY[sdk=iphoneos*]" = "iPhone Developer";
				CODE_SIGN_STYLE = Automatic;
				DEVELOPMENT_TEAM = 6W79SFUULH;
				HEADER_SEARCH_PATHS = (
					"$(SRCROOT)/iOS_Question_Answer/ThirdParty/AFNetworking-master/AFNetworking/",
					"$(SRCROOT)/iOS_Question_Answer/ThirdParty/BackgroundSession/",
				);
				INFOPLIST_FILE = iOS_Question_Answer/Info.plist;
				IPHONEOS_DEPLOYMENT_TARGET = 11.1;
				LD_RUNPATH_SEARCH_PATHS = "$(inherited) @executable_path/Frameworks";
				LIBRARY_SEARCH_PATHS = "$(SRCROOT)/iOS_Question_Answer/ThirdParty/AFNetworking-master/";
				PRODUCT_BUNDLE_IDENTIFIER = implemedea.sebastin.ios;
				PRODUCT_NAME = "$(TARGET_NAME)";
				PROVISIONING_PROFILE_SPECIFIER = "";
				SWIFT_OBJC_BRIDGING_HEADER = "$(SRCROOT)/iOS_Question_Answer-Bridging-Header.h";
				SWIFT_VERSION = 4.0;
				TARGETED_DEVICE_FAMILY = "1,2";
			};
			name = Release;
		};
		FBCE546320A42E83004BCE02 /* Debug */ = {
			isa = XCBuildConfiguration;
			baseConfigurationReference = 3CEB9B01C6E1B9C5B4F6EC3B /* Pods-iOS_Question_AnswerTests.debug.xcconfig */;
			buildSettings = {
				ALWAYS_EMBED_SWIFT_STANDARD_LIBRARIES = YES;
				BUNDLE_LOADER = "$(TEST_HOST)";
				CODE_SIGN_STYLE = Automatic;
				INFOPLIST_FILE = iOS_Question_AnswerTests/Info.plist;
				LD_RUNPATH_SEARCH_PATHS = "$(inherited) @executable_path/Frameworks @loader_path/Frameworks";
				PRODUCT_BUNDLE_IDENTIFIER = "sebastin.iOS-Question-AnswerTests";
				PRODUCT_NAME = "$(TARGET_NAME)";
				SWIFT_VERSION = 4.0;
				TARGETED_DEVICE_FAMILY = "1,2";
				TEST_HOST = "$(BUILT_PRODUCTS_DIR)/iOS_Question_Answer.app/iOS_Question_Answer";
			};
			name = Debug;
		};
		FBCE546420A42E83004BCE02 /* Release */ = {
			isa = XCBuildConfiguration;
			baseConfigurationReference = 8AB45124DB61F4A067F0B44D /* Pods-iOS_Question_AnswerTests.release.xcconfig */;
			buildSettings = {
				ALWAYS_EMBED_SWIFT_STANDARD_LIBRARIES = YES;
				BUNDLE_LOADER = "$(TEST_HOST)";
				CODE_SIGN_STYLE = Automatic;
				INFOPLIST_FILE = iOS_Question_AnswerTests/Info.plist;
				LD_RUNPATH_SEARCH_PATHS = "$(inherited) @executable_path/Frameworks @loader_path/Frameworks";
				PRODUCT_BUNDLE_IDENTIFIER = "sebastin.iOS-Question-AnswerTests";
				PRODUCT_NAME = "$(TARGET_NAME)";
				SWIFT_VERSION = 4.0;
				TARGETED_DEVICE_FAMILY = "1,2";
				TEST_HOST = "$(BUILT_PRODUCTS_DIR)/iOS_Question_Answer.app/iOS_Question_Answer";
			};
			name = Release;
		};
		FBCE546620A42E83004BCE02 /* Debug */ = {
			isa = XCBuildConfiguration;
			baseConfigurationReference = 417C168C217EFF0BD64632A7 /* Pods-iOS_Question_AnswerUITests.debug.xcconfig */;
			buildSettings = {
				ALWAYS_EMBED_SWIFT_STANDARD_LIBRARIES = YES;
				CODE_SIGN_STYLE = Automatic;
				INFOPLIST_FILE = iOS_Question_AnswerUITests/Info.plist;
				LD_RUNPATH_SEARCH_PATHS = "$(inherited) @executable_path/Frameworks @loader_path/Frameworks";
				PRODUCT_BUNDLE_IDENTIFIER = "sebastin.iOS-Question-AnswerUITests";
				PRODUCT_NAME = "$(TARGET_NAME)";
				SWIFT_VERSION = 4.0;
				TARGETED_DEVICE_FAMILY = "1,2";
				TEST_TARGET_NAME = iOS_Question_Answer;
			};
			name = Debug;
		};
		FBCE546720A42E83004BCE02 /* Release */ = {
			isa = XCBuildConfiguration;
			baseConfigurationReference = 591FC5E8E0451B47F31B82E1 /* Pods-iOS_Question_AnswerUITests.release.xcconfig */;
			buildSettings = {
				ALWAYS_EMBED_SWIFT_STANDARD_LIBRARIES = YES;
				CODE_SIGN_STYLE = Automatic;
				INFOPLIST_FILE = iOS_Question_AnswerUITests/Info.plist;
				LD_RUNPATH_SEARCH_PATHS = "$(inherited) @executable_path/Frameworks @loader_path/Frameworks";
				PRODUCT_BUNDLE_IDENTIFIER = "sebastin.iOS-Question-AnswerUITests";
				PRODUCT_NAME = "$(TARGET_NAME)";
				SWIFT_VERSION = 4.0;
				TARGETED_DEVICE_FAMILY = "1,2";
				TEST_TARGET_NAME = iOS_Question_Answer;
			};
			name = Release;
		};
/* End XCBuildConfiguration section */

/* Begin XCConfigurationList section */
		FBCE542F20A42E80004BCE02 /* Build configuration list for PBXProject "iOS_Question_Answer" */ = {
			isa = XCConfigurationList;
			buildConfigurations = (
				FBCE545D20A42E83004BCE02 /* Debug */,
				FBCE545E20A42E83004BCE02 /* Release */,
			);
			defaultConfigurationIsVisible = 0;
			defaultConfigurationName = Release;
		};
		FBCE545F20A42E83004BCE02 /* Build configuration list for PBXNativeTarget "iOS_Question_Answer" */ = {
			isa = XCConfigurationList;
			buildConfigurations = (
				FBCE546020A42E83004BCE02 /* Debug */,
				FBCE546120A42E83004BCE02 /* Release */,
			);
			defaultConfigurationIsVisible = 0;
			defaultConfigurationName = Release;
		};
		FBCE546220A42E83004BCE02 /* Build configuration list for PBXNativeTarget "iOS_Question_AnswerTests" */ = {
			isa = XCConfigurationList;
			buildConfigurations = (
				FBCE546320A42E83004BCE02 /* Debug */,
				FBCE546420A42E83004BCE02 /* Release */,
			);
			defaultConfigurationIsVisible = 0;
			defaultConfigurationName = Release;
		};
		FBCE546520A42E83004BCE02 /* Build configuration list for PBXNativeTarget "iOS_Question_AnswerUITests" */ = {
			isa = XCConfigurationList;
			buildConfigurations = (
				FBCE546620A42E83004BCE02 /* Debug */,
				FBCE546720A42E83004BCE02 /* Release */,
			);
			defaultConfigurationIsVisible = 0;
			defaultConfigurationName = Release;
		};
/* End XCConfigurationList section */

/* Begin XCVersionGroup section */
		FBCE543E20A42E81004BCE02 /* iOS_Question_Answer.xcdatamodeld */ = {
			isa = XCVersionGroup;
			children = (
				FBCE543F20A42E81004BCE02 /* iOS_Question_Answer.xcdatamodel */,
			);
			currentVersion = FBCE543F20A42E81004BCE02 /* iOS_Question_Answer.xcdatamodel */;
			path = iOS_Question_Answer.xcdatamodeld;
			sourceTree = "<group>";
			versionGroupType = wrapper.xcdatamodel;
		};
/* End XCVersionGroup section */
	};
	rootObject = FBCE542C20A42E80004BCE02 /* Project object */;
}
